// !$*UTF8*$!
{
	archiveVersion = 1;
	classes = {
	};
	objectVersion = 46;
	objects = {

/* Begin PBXBuildFile section */
		14CD5B681C8534DC00D5A691 /* main.m in Sources */ = {isa = PBXBuildFile; fileRef = 14CD5B671C8534DC00D5A691 /* main.m */; };
		14CD5B6B1C8534DC00D5A691 /* AppDelegate.m in Sources */ = {isa = PBXBuildFile; fileRef = 14CD5B6A1C8534DC00D5A691 /* AppDelegate.m */; };
		14CD5B731C8534DC00D5A691 /* Assets.xcassets in Resources */ = {isa = PBXBuildFile; fileRef = 14CD5B721C8534DC00D5A691 /* Assets.xcassets */; };
		14CD5B761C8534DC00D5A691 /* LaunchScreen.storyboard in Resources */ = {isa = PBXBuildFile; fileRef = 14CD5B741C8534DC00D5A691 /* LaunchScreen.storyboard */; };
		14CD5B811C8534DC00D5A691 /* duojiFenLeiTests.m in Sources */ = {isa = PBXBuildFile; fileRef = 14CD5B801C8534DC00D5A691 /* duojiFenLeiTests.m */; };
		14CD5B8C1C8534DC00D5A691 /* duojiFenLeiUITests.m in Sources */ = {isa = PBXBuildFile; fileRef = 14CD5B8B1C8534DC00D5A691 /* duojiFenLeiUITests.m */; };
		14CD5BA21C85368000D5A691 /* RootViewController.m in Sources */ = {isa = PBXBuildFile; fileRef = 14CD5B9E1C85368000D5A691 /* RootViewController.m */; };
		14CD5BB71C853E2900D5A691 /* Models.m in Sources */ = {isa = PBXBuildFile; fileRef = 14CD5BB61C853E2900D5A691 /* Models.m */; };
		14CD5BBA1C853EEE00D5A691 /* Manager.m in Sources */ = {isa = PBXBuildFile; fileRef = 14CD5BB91C853EEE00D5A691 /* Manager.m */; };
		14CD5BC11C8548DC00D5A691 /* LeftView.m in Sources */ = {isa = PBXBuildFile; fileRef = 14CD5BC01C8548DC00D5A691 /* LeftView.m */; };
		14CD5BC41C8548ED00D5A691 /* RightView.m in Sources */ = {isa = PBXBuildFile; fileRef = 14CD5BC31C8548ED00D5A691 /* RightView.m */; };
		14FEE2D11C856A9B00B491D2 /* ViewModel.m in Sources */ = {isa = PBXBuildFile; fileRef = 14FEE2D01C856A9B00B491D2 /* ViewModel.m */; };
		14FEE2D41C856BA600B491D2 /* LeftViewCellModel.m in Sources */ = {isa = PBXBuildFile; fileRef = 14FEE2D31C856BA600B491D2 /* LeftViewCellModel.m */; };
		14FEE2D71C856BC300B491D2 /* RightViewCellModel.m in Sources */ = {isa = PBXBuildFile; fileRef = 14FEE2D61C856BC300B491D2 /* RightViewCellModel.m */; };
		14FEE2DA1C856FAB00B491D2 /* LeftViewCell.m in Sources */ = {isa = PBXBuildFile; fileRef = 14FEE2D91C856FAB00B491D2 /* LeftViewCell.m */; };
		14FEE2E01C858D1100B491D2 /* RightViewCell.m in Sources */ = {isa = PBXBuildFile; fileRef = 14FEE2DF1C858D1100B491D2 /* RightViewCell.m */; };
/* End PBXBuildFile section */

/* Begin PBXContainerItemProxy section */
		14CD5B7D1C8534DC00D5A691 /* PBXContainerItemProxy */ = {
			isa = PBXContainerItemProxy;
			containerPortal = 14CD5B5B1C8534DB00D5A691 /* Project object */;
			proxyType = 1;
			remoteGlobalIDString = 14CD5B621C8534DC00D5A691;
			remoteInfo = duojiFenLei;
		};
		14CD5B881C8534DC00D5A691 /* PBXContainerItemProxy */ = {
			isa = PBXContainerItemProxy;
			containerPortal = 14CD5B5B1C8534DB00D5A691 /* Project object */;
			proxyType = 1;
			remoteGlobalIDString = 14CD5B621C8534DC00D5A691;
			remoteInfo = duojiFenLei;
		};
/* End PBXContainerItemProxy section */

/* Begin PBXFileReference section */
		14CD5B631C8534DC00D5A691 /* duojiFenLei.app */ = {isa = PBXFileReference; explicitFileType = wrapper.application; includeInIndex = 0; path = duojiFenLei.app; sourceTree = BUILT_PRODUCTS_DIR; };
		14CD5B671C8534DC00D5A691 /* main.m */ = {isa = PBXFileReference; lastKnownFileType = sourcecode.c.objc; path = main.m; sourceTree = "<group>"; };
		14CD5B691C8534DC00D5A691 /* AppDelegate.h */ = {isa = PBXFileReference; lastKnownFileType = sourcecode.c.h; path = AppDelegate.h; sourceTree = "<group>"; };
		14CD5B6A1C8534DC00D5A691 /* AppDelegate.m */ = {isa = PBXFileReference; lastKnownFileType = sourcecode.c.objc; path = AppDelegate.m; sourceTree = "<group>"; };
		14CD5B721C8534DC00D5A691 /* Assets.xcassets */ = {isa = PBXFileReference; lastKnownFileType = folder.assetcatalog; path = Assets.xcassets; sourceTree = "<group>"; };
		14CD5B751C8534DC00D5A691 /* Base */ = {isa = PBXFileReference; lastKnownFileType = file.storyboard; name = Base; path = Base.lproj/LaunchScreen.storyboard; sourceTree = "<group>"; };
		14CD5B771C8534DC00D5A691 /* Info.plist */ = {isa = PBXFileReference; lastKnownFileType = text.plist.xml; path = Info.plist; sourceTree = "<group>"; };
		14CD5B7C1C8534DC00D5A691 /* duojiFenLeiTests.xctest */ = {isa = PBXFileReference; explicitFileType = wrapper.cfbundle; includeInIndex = 0; path = duojiFenLeiTests.xctest; sourceTree = BUILT_PRODUCTS_DIR; };
		14CD5B801C8534DC00D5A691 /* duojiFenLeiTests.m */ = {isa = PBXFileReference; lastKnownFileType = sourcecode.c.objc; path = duojiFenLeiTests.m; sourceTree = "<group>"; };
		14CD5B821C8534DC00D5A691 /* Info.plist */ = {isa = PBXFileReference; lastKnownFileType = text.plist.xml; path = Info.plist; sourceTree = "<group>"; };
		14CD5B871C8534DC00D5A691 /* duojiFenLeiUITests.xctest */ = {isa = PBXFileReference; explicitFileType = wrapper.cfbundle; includeInIndex = 0; path = duojiFenLeiUITests.xctest; sourceTree = BUILT_PRODUCTS_DIR; };
		14CD5B8B1C8534DC00D5A691 /* duojiFenLeiUITests.m */ = {isa = PBXFileReference; lastKnownFileType = sourcecode.c.objc; path = duojiFenLeiUITests.m; sourceTree = "<group>"; };
		14CD5B8D1C8534DC00D5A691 /* Info.plist */ = {isa = PBXFileReference; lastKnownFileType = text.plist.xml; path = Info.plist; sourceTree = "<group>"; };
		14CD5B9D1C85368000D5A691 /* RootViewController.h */ = {isa = PBXFileReference; fileEncoding = 4; lastKnownFileType = sourcecode.c.h; path = RootViewController.h; sourceTree = "<group>"; };
		14CD5B9E1C85368000D5A691 /* RootViewController.m */ = {isa = PBXFileReference; fileEncoding = 4; lastKnownFileType = sourcecode.c.objc; path = RootViewController.m; sourceTree = "<group>"; };
		14CD5BB51C853E2900D5A691 /* Models.h */ = {isa = PBXFileReference; fileEncoding = 4; lastKnownFileType = sourcecode.c.h; path = Models.h; sourceTree = "<group>"; };
		14CD5BB61C853E2900D5A691 /* Models.m */ = {isa = PBXFileReference; fileEncoding = 4; lastKnownFileType = sourcecode.c.objc; path = Models.m; sourceTree = "<group>"; };
		14CD5BB81C853EEE00D5A691 /* Manager.h */ = {isa = PBXFileReference; fileEncoding = 4; lastKnownFileType = sourcecode.c.h; path = Manager.h; sourceTree = "<group>"; };
		14CD5BB91C853EEE00D5A691 /* Manager.m */ = {isa = PBXFileReference; fileEncoding = 4; lastKnownFileType = sourcecode.c.objc; path = Manager.m; sourceTree = "<group>"; };
		14CD5BBF1C8548DC00D5A691 /* LeftView.h */ = {isa = PBXFileReference; fileEncoding = 4; lastKnownFileType = sourcecode.c.h; path = LeftView.h; sourceTree = "<group>"; };
		14CD5BC01C8548DC00D5A691 /* LeftView.m */ = {isa = PBXFileReference; fileEncoding = 4; lastKnownFileType = sourcecode.c.objc; path = LeftView.m; sourceTree = "<group>"; };
		14CD5BC21C8548ED00D5A691 /* RightView.h */ = {isa = PBXFileReference; fileEncoding = 4; lastKnownFileType = sourcecode.c.h; path = RightView.h; sourceTree = "<group>"; };
		14CD5BC31C8548ED00D5A691 /* RightView.m */ = {isa = PBXFileReference; fileEncoding = 4; lastKnownFileType = sourcecode.c.objc; path = RightView.m; sourceTree = "<group>"; };
		14FEE2CF1C856A9B00B491D2 /* ViewModel.h */ = {isa = PBXFileReference; fileEncoding = 4; lastKnownFileType = sourcecode.c.h; path = ViewModel.h; sourceTree = "<group>"; };
		14FEE2D01C856A9B00B491D2 /* ViewModel.m */ = {isa = PBXFileReference; fileEncoding = 4; lastKnownFileType = sourcecode.c.objc; path = ViewModel.m; sourceTree = "<group>"; };
		14FEE2D21C856BA600B491D2 /* LeftViewCellModel.h */ = {isa = PBXFileReference; fileEncoding = 4; lastKnownFileType = sourcecode.c.h; path = LeftViewCellModel.h; sourceTree = "<group>"; };
		14FEE2D31C856BA600B491D2 /* LeftViewCellModel.m */ = {isa = PBXFileReference; fileEncoding = 4; lastKnownFileType = sourcecode.c.objc; path = LeftViewCellModel.m; sourceTree = "<group>"; };
		14FEE2D51C856BC300B491D2 /* RightViewCellModel.h */ = {isa = PBXFileReference; fileEncoding = 4; lastKnownFileType = sourcecode.c.h; path = RightViewCellModel.h; sourceTree = "<group>"; };
		14FEE2D61C856BC300B491D2 /* RightViewCellModel.m */ = {isa = PBXFileReference; fileEncoding = 4; lastKnownFileType = sourcecode.c.objc; path = RightViewCellModel.m; sourceTree = "<group>"; };
		14FEE2D81C856FAB00B491D2 /* LeftViewCell.h */ = {isa = PBXFileReference; fileEncoding = 4; lastKnownFileType = sourcecode.c.h; path = LeftViewCell.h; sourceTree = "<group>"; };
		14FEE2D91C856FAB00B491D2 /* LeftViewCell.m */ = {isa = PBXFileReference; fileEncoding = 4; lastKnownFileType = sourcecode.c.objc; path = LeftViewCell.m; sourceTree = "<group>"; };
		14FEE2DE1C858D1100B491D2 /* RightViewCell.h */ = {isa = PBXFileReference; fileEncoding = 4; lastKnownFileType = sourcecode.c.h; path = RightViewCell.h; sourceTree = "<group>"; };
		14FEE2DF1C858D1100B491D2 /* RightViewCell.m */ = {isa = PBXFileReference; fileEncoding = 4; lastKnownFileType = sourcecode.c.objc; path = RightViewCell.m; sourceTree = "<group>"; };
/* End PBXFileReference section */

/* Begin PBXFrameworksBuildPhase section */
		14CD5B601C8534DC00D5A691 /* Frameworks */ = {
			isa = PBXFrameworksBuildPhase;
			buildActionMask = 2147483647;
			files = (
			);
			runOnlyForDeploymentPostprocessing = 0;
		};
		14CD5B791C8534DC00D5A691 /* Frameworks */ = {
			isa = PBXFrameworksBuildPhase;
			buildActionMask = 2147483647;
			files = (
			);
			runOnlyForDeploymentPostprocessing = 0;
		};
		14CD5B841C8534DC00D5A691 /* Frameworks */ = {
			isa = PBXFrameworksBuildPhase;
			buildActionMask = 2147483647;
			files = (
			);
			runOnlyForDeploymentPostprocessing = 0;
		};
/* End PBXFrameworksBuildPhase section */

/* Begin PBXGroup section */
		14CD5B5A1C8534DB00D5A691 = {
			isa = PBXGroup;
			children = (
				14CD5B651C8534DC00D5A691 /* duojiFenLei */,
				14CD5B7F1C8534DC00D5A691 /* duojiFenLeiTests */,
				14CD5B8A1C8534DC00D5A691 /* duojiFenLeiUITests */,
				14CD5B641C8534DC00D5A691 /* Products */,
			);
			sourceTree = "<group>";
		};
		14CD5B641C8534DC00D5A691 /* Products */ = {
			isa = PBXGroup;
			children = (
				14CD5B631C8534DC00D5A691 /* duojiFenLei.app */,
				14CD5B7C1C8534DC00D5A691 /* duojiFenLeiTests.xctest */,
				14CD5B871C8534DC00D5A691 /* duojiFenLeiUITests.xctest */,
			);
			name = Products;
			sourceTree = "<group>";
		};
		14CD5B651C8534DC00D5A691 /* duojiFenLei */ = {
			isa = PBXGroup;
			children = (
				14CD5BBB1C85449700D5A691 /* View */,
				14CD5B9C1C85368000D5A691 /* Controller */,
				14CD5B9F1C85368000D5A691 /* DataManager */,
				14CD5BA01C85368000D5A691 /* Model */,
				14CD5BA11C85368000D5A691 /* ViewModel */,
				14CD5B691C8534DC00D5A691 /* AppDelegate.h */,
				14CD5B6A1C8534DC00D5A691 /* AppDelegate.m */,
				14CD5B721C8534DC00D5A691 /* Assets.xcassets */,
				14CD5B741C8534DC00D5A691 /* LaunchScreen.storyboard */,
				14CD5B771C8534DC00D5A691 /* Info.plist */,
				14CD5B661C8534DC00D5A691 /* Supporting Files */,
			);
			path = duojiFenLei;
			sourceTree = "<group>";
		};
		14CD5B661C8534DC00D5A691 /* Supporting Files */ = {
			isa = PBXGroup;
			children = (
				14CD5B671C8534DC00D5A691 /* main.m */,
			);
			name = "Supporting Files";
			sourceTree = "<group>";
		};
		14CD5B7F1C8534DC00D5A691 /* duojiFenLeiTests */ = {
			isa = PBXGroup;
			children = (
				14CD5B801C8534DC00D5A691 /* duojiFenLeiTests.m */,
				14CD5B821C8534DC00D5A691 /* Info.plist */,
			);
			path = duojiFenLeiTests;
			sourceTree = "<group>";
		};
		14CD5B8A1C8534DC00D5A691 /* duojiFenLeiUITests */ = {
			isa = PBXGroup;
			children = (
				14CD5B8B1C8534DC00D5A691 /* duojiFenLeiUITests.m */,
				14CD5B8D1C8534DC00D5A691 /* Info.plist */,
			);
			path = duojiFenLeiUITests;
			sourceTree = "<group>";
		};
		14CD5B9C1C85368000D5A691 /* Controller */ = {
			isa = PBXGroup;
			children = (
				14CD5B9D1C85368000D5A691 /* RootViewController.h */,
				14CD5B9E1C85368000D5A691 /* RootViewController.m */,
			);
			path = Controller;
			sourceTree = "<group>";
		};
		14CD5B9F1C85368000D5A691 /* DataManager */ = {
			isa = PBXGroup;
			children = (
				14CD5BB81C853EEE00D5A691 /* Manager.h */,
				14CD5BB91C853EEE00D5A691 /* Manager.m */,
			);
			path = DataManager;
			sourceTree = "<group>";
		};
		14CD5BA01C85368000D5A691 /* Model */ = {
			isa = PBXGroup;
			children = (
				14CD5BB51C853E2900D5A691 /* Models.h */,
				14CD5BB61C853E2900D5A691 /* Models.m */,
			);
			path = Model;
			sourceTree = "<group>";
		};
		14CD5BA11C85368000D5A691 /* ViewModel */ = {
			isa = PBXGroup;
			children = (
				14FEE2CF1C856A9B00B491D2 /* ViewModel.h */,
				14FEE2D01C856A9B00B491D2 /* ViewModel.m */,
				14FEE2D21C856BA600B491D2 /* LeftViewCellModel.h */,
				14FEE2D31C856BA600B491D2 /* LeftViewCellModel.m */,
				14FEE2D51C856BC300B491D2 /* RightViewCellModel.h */,
				14FEE2D61C856BC300B491D2 /* RightViewCellModel.m */,
			);
			path = ViewModel;
			sourceTree = "<group>";
		};
		14CD5BBB1C85449700D5A691 /* View */ = {
			isa = PBXGroup;
			children = (
				14CD5BBF1C8548DC00D5A691 /* LeftView.h */,
				14CD5BC01C8548DC00D5A691 /* LeftView.m */,
				14CD5BC21C8548ED00D5A691 /* RightView.h */,
				14CD5BC31C8548ED00D5A691 /* RightView.m */,
				14FEE2D81C856FAB00B491D2 /* LeftViewCell.h */,
				14FEE2D91C856FAB00B491D2 /* LeftViewCell.m */,
				14FEE2DE1C858D1100B491D2 /* RightViewCell.h */,
				14FEE2DF1C858D1100B491D2 /* RightViewCell.m */,
			);
			path = View;
			sourceTree = "<group>";
		};
/* End PBXGroup section */

/* Begin PBXNativeTarget section */
		14CD5B621C8534DC00D5A691 /* duojiFenLei */ = {
			isa = PBXNativeTarget;
			buildConfigurationList = 14CD5B901C8534DC00D5A691 /* Build configuration list for PBXNativeTarget "duojiFenLei" */;
			buildPhases = (
				14CD5B5F1C8534DC00D5A691 /* Sources */,
				14CD5B601C8534DC00D5A691 /* Frameworks */,
				14CD5B611C8534DC00D5A691 /* Resources */,
			);
			buildRules = (
			);
			dependencies = (
			);
			name = duojiFenLei;
			productName = duojiFenLei;
			productReference = 14CD5B631C8534DC00D5A691 /* duojiFenLei.app */;
			productType = "com.apple.product-type.application";
		};
		14CD5B7B1C8534DC00D5A691 /* duojiFenLeiTests */ = {
			isa = PBXNativeTarget;
			buildConfigurationList = 14CD5B931C8534DC00D5A691 /* Build configuration list for PBXNativeTarget "duojiFenLeiTests" */;
			buildPhases = (
				14CD5B781C8534DC00D5A691 /* Sources */,
				14CD5B791C8534DC00D5A691 /* Frameworks */,
				14CD5B7A1C8534DC00D5A691 /* Resources */,
			);
			buildRules = (
			);
			dependencies = (
				14CD5B7E1C8534DC00D5A691 /* PBXTargetDependency */,
			);
			name = duojiFenLeiTests;
			productName = duojiFenLeiTests;
			productReference = 14CD5B7C1C8534DC00D5A691 /* duojiFenLeiTests.xctest */;
			productType = "com.apple.product-type.bundle.unit-test";
		};
		14CD5B861C8534DC00D5A691 /* duojiFenLeiUITests */ = {
			isa = PBXNativeTarget;
			buildConfigurationList = 14CD5B961C8534DC00D5A691 /* Build configuration list for PBXNativeTarget "duojiFenLeiUITests" */;
			buildPhases = (
				14CD5B831C8534DC00D5A691 /* Sources */,
				14CD5B841C8534DC00D5A691 /* Frameworks */,
				14CD5B851C8534DC00D5A691 /* Resources */,
			);
			buildRules = (
			);
			dependencies = (
				14CD5B891C8534DC00D5A691 /* PBXTargetDependency */,
			);
			name = duojiFenLeiUITests;
			productName = duojiFenLeiUITests;
			productReference = 14CD5B871C8534DC00D5A691 /* duojiFenLeiUITests.xctest */;
			productType = "com.apple.product-type.bundle.ui-testing";
		};
/* End PBXNativeTarget section */

/* Begin PBXProject section */
		14CD5B5B1C8534DB00D5A691 /* Project object */ = {
			isa = PBXProject;
			attributes = {
				LastUpgradeCheck = 0720;
				ORGANIZATIONNAME = fly;
				TargetAttributes = {
					14CD5B621C8534DC00D5A691 = {
						CreatedOnToolsVersion = 7.2.1;
					};
					14CD5B7B1C8534DC00D5A691 = {
						CreatedOnToolsVersion = 7.2.1;
						TestTargetID = 14CD5B621C8534DC00D5A691;
					};
					14CD5B861C8534DC00D5A691 = {
						CreatedOnToolsVersion = 7.2.1;
						TestTargetID = 14CD5B621C8534DC00D5A691;
					};
				};
			};
			buildConfigurationList = 14CD5B5E1C8534DB00D5A691 /* Build configuration list for PBXProject "duojiFenLei" */;
			compatibilityVersion = "Xcode 3.2";
			developmentRegion = English;
			hasScannedForEncodings = 0;
			knownRegions = (
				en,
				Base,
			);
			mainGroup = 14CD5B5A1C8534DB00D5A691;
			productRefGroup = 14CD5B641C8534DC00D5A691 /* Products */;
			projectDirPath = "";
			projectRoot = "";
			targets = (
				14CD5B621C8534DC00D5A691 /* duojiFenLei */,
				14CD5B7B1C8534DC00D5A691 /* duojiFenLeiTests */,
				14CD5B861C8534DC00D5A691 /* duojiFenLeiUITests */,
			);
		};
/* End PBXProject section */

/* Begin PBXResourcesBuildPhase section */
		14CD5B611C8534DC00D5A691 /* Resources */ = {
			isa = PBXResourcesBuildPhase;
			buildActionMask = 2147483647;
			files = (
				14CD5B761C8534DC00D5A691 /* LaunchScreen.storyboard in Resources */,
				14CD5B731C8534DC00D5A691 /* Assets.xcassets in Resources */,
			);
			runOnlyForDeploymentPostprocessing = 0;
		};
		14CD5B7A1C8534DC00D5A691 /* Resources */ = {
			isa = PBXResourcesBuildPhase;
			buildActionMask = 2147483647;
			files = (
			);
			runOnlyForDeploymentPostprocessing = 0;
		};
		14CD5B851C8534DC00D5A691 /* Resources */ = {
			isa = PBXResourcesBuildPhase;
			buildActionMask = 2147483647;
			files = (
			);
			runOnlyForDeploymentPostprocessing = 0;
		};
/* End PBXResourcesBuildPhase section */

/* Begin PBXSourcesBuildPhase section */
		14CD5B5F1C8534DC00D5A691 /* Sources */ = {
			isa = PBXSourcesBuildPhase;
			buildActionMask = 2147483647;
			files = (
				14CD5B6B1C8534DC00D5A691 /* AppDelegate.m in Sources */,
				14FEE2DA1C856FAB00B491D2 /* LeftViewCell.m in Sources */,
				14FEE2D71C856BC300B491D2 /* RightViewCellModel.m in Sources */,
				14CD5B681C8534DC00D5A691 /* main.m in Sources */,
				14FEE2D11C856A9B00B491D2 /* ViewModel.m in Sources */,
				14CD5BA21C85368000D5A691 /* RootViewController.m in Sources */,
				14FEE2D41C856BA600B491D2 /* LeftViewCellModel.m in Sources */,
				14CD5BBA1C853EEE00D5A691 /* Manager.m in Sources */,
				14CD5BC41C8548ED00D5A691 /* RightView.m in Sources */,
				14CD5BB71C853E2900D5A691 /* Models.m in Sources */,
				14CD5BC11C8548DC00D5A691 /* LeftView.m in Sources */,
				14FEE2E01C858D1100B491D2 /* RightViewCell.m in Sources */,
			);
			runOnlyForDeploymentPostprocessing = 0;
		};
		14CD5B781C8534DC00D5A691 /* Sources */ = {
			isa = PBXSourcesBuildPhase;
			buildActionMask = 2147483647;
			files = (
				14CD5B811C8534DC00D5A691 /* duojiFenLeiTests.m in Sources */,
			);
			runOnlyForDeploymentPostprocessing = 0;
		};
		14CD5B831C8534DC00D5A691 /* Sources */ = {
			isa = PBXSourcesBuildPhase;
			buildActionMask = 2147483647;
			files = (
				14CD5B8C1C8534DC00D5A691 /* duojiFenLeiUITests.m in Sources */,
			);
			runOnlyForDeploymentPostprocessing = 0;
		};
/* End PBXSourcesBuildPhase section */

/* Begin PBXTargetDependency section */
		14CD5B7E1C8534DC00D5A691 /* PBXTargetDependency */ = {
			isa = PBXTargetDependency;
			target = 14CD5B621C8534DC00D5A691 /* duojiFenLei */;
			targetProxy = 14CD5B7D1C8534DC00D5A691 /* PBXContainerItemProxy */;
		};
		14CD5B891C8534DC00D5A691 /* PBXTargetDependency */ = {
			isa = PBXTargetDependency;
			target = 14CD5B621C8534DC00D5A691 /* duojiFenLei */;
			targetProxy = 14CD5B881C8534DC00D5A691 /* PBXContainerItemProxy */;
		};
/* End PBXTargetDependency section */

/* Begin PBXVariantGroup section */
		14CD5B741C8534DC00D5A691 /* LaunchScreen.storyboard */ = {
			isa = PBXVariantGroup;
			children = (
				14CD5B751C8534DC00D5A691 /* Base */,
			);
			name = LaunchScreen.storyboard;
			sourceTree = "<group>";
		};
/* End PBXVariantGroup section */

/* Begin XCBuildConfiguration section */
		14CD5B8E1C8534DC00D5A691 /* Debug */ = {
			isa = XCBuildConfiguration;
			buildSettings = {
				ALWAYS_SEARCH_USER_PATHS = NO;
				CLANG_CXX_LANGUAGE_STANDARD = "gnu++0x";
				CLANG_CXX_LIBRARY = "libc++";
				CLANG_ENABLE_MODULES = YES;
				CLANG_ENABLE_OBJC_ARC = YES;
				CLANG_WARN_BOOL_CONVERSION = YES;
				CLANG_WARN_CONSTANT_CONVERSION = YES;
				CLANG_WARN_DIRECT_OBJC_ISA_USAGE = YES_ERROR;
				CLANG_WARN_EMPTY_BODY = YES;
				CLANG_WARN_ENUM_CONVERSION = YES;
				CLANG_WARN_INT_CONVERSION = YES;
				CLANG_WARN_OBJC_ROOT_CLASS = YES_ERROR;
				CLANG_WARN_UNREACHABLE_CODE = YES;
				CLANG_WARN__DUPLICATE_METHOD_MATCH = YES;
				"CODE_SIGN_IDENTITY[sdk=iphoneos*]" = "iPhone Developer";
				COPY_PHASE_STRIP = NO;
				DEBUG_INFORMATION_FORMAT = dwarf;
				ENABLE_STRICT_OBJC_MSGSEND = YES;
				ENABLE_TESTABILITY = YES;
				GCC_C_LANGUAGE_STANDARD = gnu99;
				GCC_DYNAMIC_NO_PIC = NO;
				GCC_NO_COMMON_BLOCKS = YES;
				GCC_OPTIMIZATION_LEVEL = 0;
				GCC_PREPROCESSOR_DEFINITIONS = (
					"DEBUG=1",
					"$(inherited)",
				);
				GCC_WARN_64_TO_32_BIT_CONVERSION = YES;
				GCC_WARN_ABOUT_RETURN_TYPE = YES_ERROR;
				GCC_WARN_UNDECLARED_SELECTOR = YES;
				GCC_WARN_UNINITIALIZED_AUTOS = YES_AGGRESSIVE;
				GCC_WARN_UNUSED_FUNCTION = YES;
				GCC_WARN_UNUSED_VARIABLE = YES;
				IPHONEOS_DEPLOYMENT_TARGET = 9.2;
				MTL_ENABLE_DEBUG_INFO = YES;
				ONLY_ACTIVE_ARCH = YES;
				SDKROOT = iphoneos;
			};
			name = Debug;
		};
		14CD5B8F1C8534DC00D5A691 /* Release */ = {
			isa = XCBuildConfiguration;
			buildSettings = {
				ALWAYS_SEARCH_USER_PATHS = NO;
				CLANG_CXX_LANGUAGE_STANDARD = "gnu++0x";
				CLANG_CXX_LIBRARY = "libc++";
				CLANG_ENABLE_MODULES = YES;
				CLANG_ENABLE_OBJC_ARC = YES;
				CLANG_WARN_BOOL_CONVERSION = YES;
				CLANG_WARN_CONSTANT_CONVERSION = YES;
				CLANG_WARN_DIRECT_OBJC_ISA_USAGE = YES_ERROR;
				CLANG_WARN_EMPTY_BODY = YES;
				CLANG_WARN_ENUM_CONVERSION = YES;
				CLANG_WARN_INT_CONVERSION = YES;
				CLANG_WARN_OBJC_ROOT_CLASS = YES_ERROR;
				CLANG_WARN_UNREACHABLE_CODE = YES;
				CLANG_WARN__DUPLICATE_METHOD_MATCH = YES;
				"CODE_SIGN_IDENTITY[sdk=iphoneos*]" = "iPhone Developer";
				COPY_PHASE_STRIP = NO;
				DEBUG_INFORMATION_FORMAT = "dwarf-with-dsym";
				ENABLE_NS_ASSERTIONS = NO;
				ENABLE_STRICT_OBJC_MSGSEND = YES;
				GCC_C_LANGUAGE_STANDARD = gnu99;
				GCC_NO_COMMON_BLOCKS = YES;
				GCC_WARN_64_TO_32_BIT_CONVERSION = YES;
				GCC_WARN_ABOUT_RETURN_TYPE = YES_ERROR;
				GCC_WARN_UNDECLARED_SELECTOR = YES;
				GCC_WARN_UNINITIALIZED_AUTOS = YES_AGGRESSIVE;
				GCC_WARN_UNUSED_FUNCTION = YES;
				GCC_WARN_UNUSED_VARIABLE = YES;
				IPHONEOS_DEPLOYMENT_TARGET = 9.2;
				MTL_ENABLE_DEBUG_INFO = NO;
				SDKROOT = iphoneos;
				VALIDATE_PRODUCT = YES;
			};
			name = Release;
		};
		14CD5B911C8534DC00D5A691 /* Debug */ = {
			isa = XCBuildConfiguration;
			buildSettings = {
				ASSETCATALOG_COMPILER_APPICON_NAME = AppIcon;
				INFOPLIST_FILE = duojiFenLei/Info.plist;
				LD_RUNPATH_SEARCH_PATHS = "$(inherited) @executable_path/Frameworks";
				PRODUCT_BUNDLE_IDENTIFIER = fly.duojiFenLei;
				PRODUCT_NAME = "$(TARGET_NAME)";
			};
			name = Debug;
		};
		14CD5B921C8534DC00D5A691 /* Release */ = {
			isa = XCBuildConfiguration;
			buildSettings = {
				ASSETCATALOG_COMPILER_APPICON_NAME = AppIcon;
				INFOPLIST_FILE = duojiFenLei/Info.plist;
				LD_RUNPATH_SEARCH_PATHS = "$(inherited) @executable_path/Frameworks";
				PRODUCT_BUNDLE_IDENTIFIER = fly.duojiFenLei;
				PRODUCT_NAME = "$(TARGET_NAME)";
			};
			name = Release;
		};
		14CD5B941C8534DC00D5A691 /* Debug */ = {
			isa = XCBuildConfiguration;
			buildSettings = {
				BUNDLE_LOADER = "$(TEST_HOST)";
				INFOPLIST_FILE = duojiFenLeiTests/Info.plist;
				LD_RUNPATH_SEARCH_PATHS = "$(inherited) @executable_path/Frameworks @loader_path/Frameworks";
				PRODUCT_BUNDLE_IDENTIFIER = fly.duojiFenLeiTests;
				PRODUCT_NAME = "$(TARGET_NAME)";
				TEST_HOST = "$(BUILT_PRODUCTS_DIR)/duojiFenLei.app/duojiFenLei";
			};
			name = Debug;
		};
		14CD5B951C8534DC00D5A691 /* Release */ = {
			isa = XCBuildConfiguration;
			buildSettings = {
				BUNDLE_LOADER = "$(TEST_HOST)";
				INFOPLIST_FILE = duojiFenLeiTests/Info.plist;
				LD_RUNPATH_SEARCH_PATHS = "$(inherited) @executable_path/Frameworks @loader_path/Frameworks";
				PRODUCT_BUNDLE_IDENTIFIER = fly.duojiFenLeiTests;
				PRODUCT_NAME = "$(TARGET_NAME)";
				TEST_HOST = "$(BUILT_PRODUCTS_DIR)/duojiFenLei.app/duojiFenLei";
			};
			name = Release;
		};
		14CD5B971C8534DC00D5A691 /* Debug */ = {
			isa = XCBuildConfiguration;
			buildSettings = {
				INFOPLIST_FILE = duojiFenLeiUITests/Info.plist;
				LD_RUNPATH_SEARCH_PATHS = "$(inherited) @executable_path/Frameworks @loader_path/Frameworks";
				PRODUCT_BUNDLE_IDENTIFIER = fly.duojiFenLeiUITests;
				PRODUCT_NAME = "$(TARGET_NAME)";
				TEST_TARGET_NAME = duojiFenLei;
				USES_XCTRUNNER = YES;
			};
			name = Debug;
		};
		14CD5B981C8534DC00D5A691 /* Release */ = {
			isa = XCBuildConfiguration;
			buildSettings = {
				INFOPLIST_FILE = duojiFenLeiUITests/Info.plist;
				LD_RUNPATH_SEARCH_PATHS = "$(inherited) @executable_path/Frameworks @loader_path/Frameworks";
				PRODUCT_BUNDLE_IDENTIFIER = fly.duojiFenLeiUITests;
				PRODUCT_NAME = "$(TARGET_NAME)";
				TEST_TARGET_NAME = duojiFenLei;
				USES_XCTRUNNER = YES;
			};
			name = Release;
		};
/* End XCBuildConfiguration section */

/* Begin XCConfigurationList section */
		14CD5B5E1C8534DB00D5A691 /* Build configuration list for PBXProject "duojiFenLei" */ = {
			isa = XCConfigurationList;
			buildConfigurations = (
				14CD5B8E1C8534DC00D5A691 /* Debug */,
				14CD5B8F1C8534DC00D5A691 /* Release */,
			);
			defaultConfigurationIsVisible = 0;
			defaultConfigurationName = Release;
		};
		14CD5B901C8534DC00D5A691 /* Build configuration list for PBXNativeTarget "duojiFenLei" */ = {
			isa = XCConfigurationList;
			buildConfigurations = (
				14CD5B911C8534DC00D5A691 /* Debug */,
				14CD5B921C8534DC00D5A691 /* Release */,
			);
			defaultConfigurationIsVisible = 0;
			defaultConfigurationName = Release;
		};
		14CD5B931C8534DC00D5A691 /* Build configuration list for PBXNativeTarget "duojiFenLeiTests" */ = {
			isa = XCConfigurationList;
			buildConfigurations = (
				14CD5B941C8534DC00D5A691 /* Debug */,
				14CD5B951C8534DC00D5A691 /* Release */,
			);
			defaultConfigurationIsVisible = 0;
			defaultConfigurationName = Release;
		};
		14CD5B961C8534DC00D5A691 /* Build configuration list for PBXNativeTarget "duojiFenLeiUITests" */ = {
			isa = XCConfigurationList;
			buildConfigurations = (
				14CD5B971C8534DC00D5A691 /* Debug */,
				14CD5B981C8534DC00D5A691 /* Release */,
			);
			defaultConfigurationIsVisible = 0;
			defaultConfigurationName = Release;
		};
/* End XCConfigurationList section */
	};
	rootObject = 14CD5B5B1C8534DB00D5A691 /* Project object */;
}
